{
  "name": "@nonsheet-finance/core",
  "version": "0.8.0",
  "lockfileVersion": 3,
  "requires": true,
  "packages": {
    "": {
      "name": "@nonsheet-finance/core",
      "version": "0.8.0",
      "devDependencies": {
        "typescript": "^6.0.3"
      }
    },
    "..": {
      "extraneous": true,
      "devDependencies": {}
    },
    "../app": {
      "name": "wealth-manager-static",
      "version": "0.0.0-alpha.1",
      "extraneous": true,
      "dependencies": {
        "@wealth-manager/core": "file:../core",
        "react": "^19.2.5",
        "react-dom": "^19.2.5",
        "react-is": "^19.2.5",
        "react-router-dom": "^7.14.1",
        "recharts": "^3.8.1"
      },
      "devDependencies": {
        "@eslint/js": "^9.39.4",
        "@types/node": "^24.12.2",
        "@types/react": "^19.2.14",
        "@types/react-dom": "^19.2.3",
        "@vitejs/plugin-react": "^6.0.1",
        "eslint": "^9.39.4",
        "eslint-plugin-react-hooks": "^7.1.1",
        "eslint-plugin-react-refresh": "^0.5.2",
        "globals": "^17.5.0",
        "typescript": "~6.0.2",
        "typescript-eslint": "^8.58.2",
        "vite": "^8.0.9"
      }
    },
    "node_modules/typescript": {
      "version": "6.0.3",
      "resolved": "https://registry.npmjs.org/typescript/-/typescript-6.0.3.tgz",
      "integrity": "sha512-y2TvuxSZPDyQakkFRPZHKFm+KKVqIisdg9/CZwm9ftvKXLP8NRWj38/ODjNbr43SsoXqNuAisEf1GdCxqWcdBw==",
      "dev": true,
      "license": "Apache-2.0",
      "bin": {
        "tsc": "bin/tsc",
        "tsserver": "bin/tsserver"
      },
      "engines": {
        "node": ">=14.17"
      }
    }
  }
}
